# This file is autogenerated, do not edit; changes may be undone by the next 'dep ensure'.


[[projects]]
  branch = "master"
  digest = "1:2a5cf526ea79278733fdbe91b5c4274e584a4b2897f449dea9f93994829d24b9"
  name = "github.com/flopp/go-findfont"
  packages = ["."]
  pruneopts = ""
  revision = "e788239e52bccbae8c957dbc5c4daeb4fcb9c38b"

[[projects]]
  digest = "1:78c5a8a44f96e5051762d2e6b143475ef7f89b248b7a7bd7b5ae634ceed8791e"
  name = "github.com/fogleman/gg"
  packages = ["."]
  pruneopts = ""
  revision = "0403632d5b905943a1c2a5b2763aaecd568467ec"
  version = "v1.3.0"

[[projects]]
  branch = "master"
  digest = "1:05f7dd1dc7530cd6b959f8b49660cd898f8dc9601b4e764ef9bdf211e6318774"
  name = "github.com/golang/freetype"
  packages = [
    "raster",
    "truetype",
  ]
  pruneopts = ""
  revision = "e2365dfdc4a05e4b8299a783240d4a7d5a65d4e4"

[[projects]]
  branch = "master"
  digest = "1:0960a9f676f505c50b45b2db87151ef60991c6f4764083b02acfabf09bcdc5cc"
  name = "golang.org/x/image"
  packages = [
    "draw",
    "font",
    "font/basicfont",
    "font/plan9font",
    "math/f64",
    "math/fixed",
  ]
  pruneopts = ""
  revision = "c73c2afc3b812cdd6385de5a50616511c4a3d458"

[solve-meta]
  analyzer-name = "dep"
  analyzer-version = 1
  input-imports = [
    "github.com/flopp/go-findfont",
    "github.com/fogleman/gg",
    "github.com/golang/freetype/raster",
    "github.com/golang/freetype/truetype",
    "golang.org/x/image/draw",
    "golang.org/x/image/font",
    "golang.org/x/image/font/basicfont",
    "golang.org/x/image/font/plan9font",
    "golang.org/x/image/math/f64",
    "golang.org/x/image/math/fixed",
  ]
  solver-name = "gps-cdcl"
  solver-version = 1
